{
  "requires": true,
  "lockfileVersion": 1,
  "dependencies": {
    "Leaflet.Deflate": {
      "version": "1.1.0",
      "resolved": "https://registry.npmjs.org/Leaflet.Deflate/-/Leaflet.Deflate-1.1.0.tgz",
      "integrity": "sha512-uWUhiTlj2dL8b0LL7n/Eg3QJfuKqKAwAEThhTg9XgwBP/IwdPZ2sE+Cg2dZBQ6q8yXzgZFDXV9JIjvQ7kXnG4w=="
    },
    "lodash": {
      "version": "4.17.21",
      "resolved": "https://registry.npmjs.org/lodash/-/lodash-4.17.21.tgz",
      "integrity": "sha512-v2kDEe57lecTulaDIuNTPy3Ry4gLGJ6Z1O3vE1krgXZNrsQ+LFTGHVxVjcXPs17LhbZVGedAJv8XZ1tvj5FvSg=="
    }
  }
}
